
Microsoft Visual Studio Solution File, Format Version 12.00
# Visual Studio Version 17
VisualStudioVersion = 17.2.32616.157
MinimumVisualStudioVersion = 10.0.40219.1
Project("{FAE04EC0-301F-11D3-BF4B-00C04F79EFBC}") = "WindowsFormsApp1", "WindowsFormsApp1\WindowsFormsApp1.csproj", "{48B47B3A-8052-4369-910F-3662B6682AE0}"
EndProject
Project("{FAE04EC0-301F-11D3-BF4B-00C04F79EFBC}") = "UnitTestProject1", "UnitTestProject1\UnitTestProject1.csproj", "{0F042399-CB26-4D97-A8AC-AA8DED14A1CA}"
EndProject
Global
	GlobalSection(SolutionConfigurationPlatforms) = preSolution
		Debug|Any CPU = Debug|Any CPU
		Release|Any CPU = Release|Any CPU
	EndGlobalSection
	GlobalSection(ProjectConfigurationPlatforms) = postSolution
		{48B47B3A-8052-4369-910F-3662B6682AE0}.Debug|Any CPU.ActiveCfg = Debug|Any CPU
		{48B47B3A-8052-4369-910F-3662B6682AE0}.Debug|Any CPU.Build.0 = Debug|Any CPU
		{48B47B3A-8052-4369-910F-3662B6682AE0}.Release|Any CPU.ActiveCfg = Release|Any CPU
		{48B47B3A-8052-4369-910F-3662B6682AE0}.Release|Any CPU.Build.0 = Release|Any CPU
		{0F042399-CB26-4D97-A8AC-AA8DED14A1CA}.Debug|Any CPU.ActiveCfg = Debug|Any CPU
		{0F042399-CB26-4D97-A8AC-AA8DED14A1CA}.Debug|Any CPU.Build.0 = Debug|Any CPU
		{0F042399-CB26-4D97-A8AC-AA8DED14A1CA}.Release|Any CPU.ActiveCfg = Release|Any CPU
		{0F042399-CB26-4D97-A8AC-AA8DED14A1CA}.Release|Any CPU.Build.0 = Release|Any CPU
	EndGlobalSection
	GlobalSection(SolutionProperties) = preSolution
		HideSolutionNode = FALSE
	EndGlobalSection
	GlobalSection(ExtensibilityGlobals) = postSolution
		SolutionGuid = {58C99D66-5B69-431D-87F9-F687F61B6E66}
	EndGlobalSection
EndGlobal
